// !$*UTF8*$!
{
	archiveVersion = 1;
	classes = {
	};
	objectVersion = 46;
	objects = {

/* Begin PBXBuildFile section */
		DB16487B1C24081600F79411 /* RootNavigationController.m in Sources */ = {isa = PBXBuildFile; fileRef = DB16487A1C24081600F79411 /* RootNavigationController.m */; };
		DB2A00191C213D58006D9684 /* main.m in Sources */ = {isa = PBXBuildFile; fileRef = DB2A00181C213D58006D9684 /* main.m */; };
		DB2A001C1C213D58006D9684 /* AppDelegate.m in Sources */ = {isa = PBXBuildFile; fileRef = DB2A001B1C213D58006D9684 /* AppDelegate.m */; };
		DB2A001F1C213D58006D9684 /* ViewController.m in Sources */ = {isa = PBXBuildFile; fileRef = DB2A001E1C213D58006D9684 /* ViewController.m */; };
		DB2A00221C213D58006D9684 /* Main.storyboard in Resources */ = {isa = PBXBuildFile; fileRef = DB2A00201C213D58006D9684 /* Main.storyboard */; };
		DB2A00241C213D59006D9684 /* Assets.xcassets in Resources */ = {isa = PBXBuildFile; fileRef = DB2A00231C213D59006D9684 /* Assets.xcassets */; };
		DB2A00271C213D59006D9684 /* LaunchScreen.storyboard in Resources */ = {isa = PBXBuildFile; fileRef = DB2A00251C213D59006D9684 /* LaunchScreen.storyboard */; };
		DB2A00321C213D59006D9684 /* SampleBufferDisplayTests.m in Sources */ = {isa = PBXBuildFile; fileRef = DB2A00311C213D59006D9684 /* SampleBufferDisplayTests.m */; };
		DB2A003D1C213D59006D9684 /* SampleBufferDisplayUITests.m in Sources */ = {isa = PBXBuildFile; fileRef = DB2A003C1C213D59006D9684 /* SampleBufferDisplayUITests.m */; };
		DB2A004D1C213FCA006D9684 /* VideoCapturer.m in Sources */ = {isa = PBXBuildFile; fileRef = DB2A004C1C213FCA006D9684 /* VideoCapturer.m */; };
		DB2A00511C216E0E006D9684 /* H264Encoder.m in Sources */ = {isa = PBXBuildFile; fileRef = DB2A00501C216E0E006D9684 /* H264Encoder.m */; };
		DB5BB65A1C2282A900BBDC9E /* CPUReporter.m in Sources */ = {isa = PBXBuildFile; fileRef = DB5BB6591C2282A900BBDC9E /* CPUReporter.m */; };
/* End PBXBuildFile section */

/* Begin PBXContainerItemProxy section */
		DB2A002E1C213D59006D9684 /* PBXContainerItemProxy */ = {
			isa = PBXContainerItemProxy;
			containerPortal = DB2A000C1C213D58006D9684 /* Project object */;
			proxyType = 1;
			remoteGlobalIDString = DB2A00131C213D58006D9684;
			remoteInfo = SampleBufferDisplay;
		};
		DB2A00391C213D59006D9684 /* PBXContainerItemProxy */ = {
			isa = PBXContainerItemProxy;
			containerPortal = DB2A000C1C213D58006D9684 /* Project object */;
			proxyType = 1;
			remoteGlobalIDString = DB2A00131C213D58006D9684;
			remoteInfo = SampleBufferDisplay;
		};
/* End PBXContainerItemProxy section */

/* Begin PBXFileReference section */
		DB1648201C23E04E00F79411 /* avcodec.h */ = {isa = PBXFileReference; fileEncoding = 4; lastKnownFileType = sourcecode.c.h; path = avcodec.h; sourceTree = "<group>"; };
		DB1648211C23E04E00F79411 /* avfft.h */ = {isa = PBXFileReference; fileEncoding = 4; lastKnownFileType = sourcecode.c.h; path = avfft.h; sourceTree = "<group>"; };
		DB1648221C23E04E00F79411 /* dxva2.h */ = {isa = PBXFileReference; fileEncoding = 4; lastKnownFileType = sourcecode.c.h; path = dxva2.h; sourceTree = "<group>"; };
		DB1648231C23E04E00F79411 /* old_codec_ids.h */ = {isa = PBXFileReference; fileEncoding = 4; lastKnownFileType = sourcecode.c.h; path = old_codec_ids.h; sourceTree = "<group>"; };
		DB1648241C23E04E00F79411 /* vaapi.h */ = {isa = PBXFileReference; fileEncoding = 4; lastKnownFileType = sourcecode.c.h; path = vaapi.h; sourceTree = "<group>"; };
		DB1648251C23E04E00F79411 /* vda.h */ = {isa = PBXFileReference; fileEncoding = 4; lastKnownFileType = sourcecode.c.h; path = vda.h; sourceTree = "<group>"; };
		DB1648261C23E04E00F79411 /* vdpau.h */ = {isa = PBXFileReference; fileEncoding = 4; lastKnownFileType = sourcecode.c.h; path = vdpau.h; sourceTree = "<group>"; };
		DB1648271C23E04E00F79411 /* version.h */ = {isa = PBXFileReference; fileEncoding = 4; lastKnownFileType = sourcecode.c.h; path = version.h; sourceTree = "<group>"; };
		DB1648281C23E04E00F79411 /* xvmc.h */ = {isa = PBXFileReference; fileEncoding = 4; lastKnownFileType = sourcecode.c.h; path = xvmc.h; sourceTree = "<group>"; };
		DB16482A1C23E04E00F79411 /* avdevice.h */ = {isa = PBXFileReference; fileEncoding = 4; lastKnownFileType = sourcecode.c.h; path = avdevice.h; sourceTree = "<group>"; };
		DB16482B1C23E04E00F79411 /* version.h */ = {isa = PBXFileReference; fileEncoding = 4; lastKnownFileType = sourcecode.c.h; path = version.h; sourceTree = "<group>"; };
		DB16482D1C23E04E00F79411 /* asrc_abuffer.h */ = {isa = PBXFileReference; fileEncoding = 4; lastKnownFileType = sourcecode.c.h; path = asrc_abuffer.h; sourceTree = "<group>"; };
		DB16482E1C23E04E00F79411 /* avcodec.h */ = {isa = PBXFileReference; fileEncoding = 4; lastKnownFileType = sourcecode.c.h; path = avcodec.h; sourceTree = "<group>"; };
		DB16482F1C23E04E00F79411 /* avfilter.h */ = {isa = PBXFileReference; fileEncoding = 4; lastKnownFileType = sourcecode.c.h; path = avfilter.h; sourceTree = "<group>"; };
		DB1648301C23E04E00F79411 /* avfiltergraph.h */ = {isa = PBXFileReference; fileEncoding = 4; lastKnownFileType = sourcecode.c.h; path = avfiltergraph.h; sourceTree = "<group>"; };
		DB1648311C23E04E00F79411 /* buffersink.h */ = {isa = PBXFileReference; fileEncoding = 4; lastKnownFileType = sourcecode.c.h; path = buffersink.h; sourceTree = "<group>"; };
		DB1648321C23E04E00F79411 /* buffersrc.h */ = {isa = PBXFileReference; fileEncoding = 4; lastKnownFileType = sourcecode.c.h; path = buffersrc.h; sourceTree = "<group>"; };
		DB1648331C23E04E00F79411 /* version.h */ = {isa = PBXFileReference; fileEncoding = 4; lastKnownFileType = sourcecode.c.h; path = version.h; sourceTree = "<group>"; };
		DB1648351C23E04E00F79411 /* avformat.h */ = {isa = PBXFileReference; fileEncoding = 4; lastKnownFileType = sourcecode.c.h; path = avformat.h; sourceTree = "<group>"; };
		DB1648361C23E04E00F79411 /* avio.h */ = {isa = PBXFileReference; fileEncoding = 4; lastKnownFileType = sourcecode.c.h; path = avio.h; sourceTree = "<group>"; };
		DB1648371C23E04E00F79411 /* version.h */ = {isa = PBXFileReference; fileEncoding = 4; lastKnownFileType = sourcecode.c.h; path = version.h; sourceTree = "<group>"; };
		DB1648391C23E04E00F79411 /* adler32.h */ = {isa = PBXFileReference; fileEncoding = 4; lastKnownFileType = sourcecode.c.h; path = adler32.h; sourceTree = "<group>"; };
		DB16483A1C23E04E00F79411 /* aes.h */ = {isa = PBXFileReference; fileEncoding = 4; lastKnownFileType = sourcecode.c.h; path = aes.h; sourceTree = "<group>"; };
		DB16483B1C23E04E00F79411 /* attributes.h */ = {isa = PBXFileReference; fileEncoding = 4; lastKnownFileType = sourcecode.c.h; path = attributes.h; sourceTree = "<group>"; };
		DB16483C1C23E04E00F79411 /* audio_fifo.h */ = {isa = PBXFileReference; fileEncoding = 4; lastKnownFileType = sourcecode.c.h; path = audio_fifo.h; sourceTree = "<group>"; };
		DB16483D1C23E04E00F79411 /* audioconvert.h */ = {isa = PBXFileReference; fileEncoding = 4; lastKnownFileType = sourcecode.c.h; path = audioconvert.h; sourceTree = "<group>"; };
		DB16483E1C23E04E00F79411 /* avassert.h */ = {isa = PBXFileReference; fileEncoding = 4; lastKnownFileType = sourcecode.c.h; path = avassert.h; sourceTree = "<group>"; };
		DB16483F1C23E04E00F79411 /* avconfig.h */ = {isa = PBXFileReference; fileEncoding = 4; lastKnownFileType = sourcecode.c.h; path = avconfig.h; sourceTree = "<group>"; };
		DB1648401C23E04E00F79411 /* avstring.h */ = {isa = PBXFileReference; fileEncoding = 4; lastKnownFileType = sourcecode.c.h; path = avstring.h; sourceTree = "<group>"; };
		DB1648411C23E04E00F79411 /* avutil.h */ = {isa = PBXFileReference; fileEncoding = 4; lastKnownFileType = sourcecode.c.h; path = avutil.h; sourceTree = "<group>"; };
		DB1648421C23E04E00F79411 /* base64.h */ = {isa = PBXFileReference; fileEncoding = 4; lastKnownFileType = sourcecode.c.h; path = base64.h; sourceTree = "<group>"; };
		DB1648431C23E04E00F79411 /* blowfish.h */ = {isa = PBXFileReference; fileEncoding = 4; lastKnownFileType = sourcecode.c.h; path = blowfish.h; sourceTree = "<group>"; };
		DB1648441C23E04E00F79411 /* bprint.h */ = {isa = PBXFileReference; fileEncoding = 4; lastKnownFileType = sourcecode.c.h; path = bprint.h; sourceTree = "<group>"; };
		DB1648451C23E04E00F79411 /* bswap.h */ = {isa = PBXFileReference; fileEncoding = 4; lastKnownFileType = sourcecode.c.h; path = bswap.h; sourceTree = "<group>"; };
		DB1648461C23E04E00F79411 /* buffer.h */ = {isa = PBXFileReference; fileEncoding = 4; lastKnownFileType = sourcecode.c.h; path = buffer.h; sourceTree = "<group>"; };
		DB1648471C23E04E00F79411 /* channel_layout.h */ = {isa = PBXFileReference; fileEncoding = 4; lastKnownFileType = sourcecode.c.h; path = channel_layout.h; sourceTree = "<group>"; };
		DB1648481C23E04E00F79411 /* common.h */ = {isa = PBXFileReference; fileEncoding = 4; lastKnownFileType = sourcecode.c.h; path = common.h; sourceTree = "<group>"; };
		DB1648491C23E04E00F79411 /* cpu.h */ = {isa = PBXFileReference; fileEncoding = 4; lastKnownFileType = sourcecode.c.h; path = cpu.h; sourceTree = "<group>"; };
		DB16484A1C23E04E00F79411 /* crc.h */ = {isa = PBXFileReference; fileEncoding = 4; lastKnownFileType = sourcecode.c.h; path = crc.h; sourceTree = "<group>"; };
		DB16484B1C23E04E00F79411 /* dict.h */ = {isa = PBXFileReference; fileEncoding = 4; lastKnownFileType = sourcecode.c.h; path = dict.h; sourceTree = "<group>"; };
		DB16484C1C23E04E00F79411 /* error.h */ = {isa = PBXFileReference; fileEncoding = 4; lastKnownFileType = sourcecode.c.h; path = error.h; sourceTree = "<group>"; };
		DB16484D1C23E04E00F79411 /* eval.h */ = {isa = PBXFileReference; fileEncoding = 4; lastKnownFileType = sourcecode.c.h; path = eval.h; sourceTree = "<group>"; };
		DB16484E1C23E04E00F79411 /* fifo.h */ = {isa = PBXFileReference; fileEncoding = 4; lastKnownFileType = sourcecode.c.h; path = fifo.h; sourceTree = "<group>"; };
		DB16484F1C23E04E00F79411 /* file.h */ = {isa = PBXFileReference; fileEncoding = 4; lastKnownFileType = sourcecode.c.h; path = file.h; sourceTree = "<group>"; };
		DB1648501C23E04E00F79411 /* frame.h */ = {isa = PBXFileReference; fileEncoding = 4; lastKnownFileType = sourcecode.c.h; path = frame.h; sourceTree = "<group>"; };
		DB1648511C23E04E00F79411 /* hmac.h */ = {isa = PBXFileReference; fileEncoding = 4; lastKnownFileType = sourcecode.c.h; path = hmac.h; sourceTree = "<group>"; };
		DB1648521C23E04E00F79411 /* imgutils.h */ = {isa = PBXFileReference; fileEncoding = 4; lastKnownFileType = sourcecode.c.h; path = imgutils.h; sourceTree = "<group>"; };
		DB1648531C23E04E00F79411 /* intfloat.h */ = {isa = PBXFileReference; fileEncoding = 4; lastKnownFileType = sourcecode.c.h; path = intfloat.h; sourceTree = "<group>"; };
		DB1648541C23E04E00F79411 /* intfloat_readwrite.h */ = {isa = PBXFileReference; fileEncoding = 4; lastKnownFileType = sourcecode.c.h; path = intfloat_readwrite.h; sourceTree = "<group>"; };
		DB1648551C23E04E00F79411 /* intreadwrite.h */ = {isa = PBXFileReference; fileEncoding = 4; lastKnownFileType = sourcecode.c.h; path = intreadwrite.h; sourceTree = "<group>"; };
		DB1648561C23E04E00F79411 /* lfg.h */ = {isa = PBXFileReference; fileEncoding = 4; lastKnownFileType = sourcecode.c.h; path = lfg.h; sourceTree = "<group>"; };
		DB1648571C23E04E00F79411 /* log.h */ = {isa = PBXFileReference; fileEncoding = 4; lastKnownFileType = sourcecode.c.h; path = log.h; sourceTree = "<group>"; };
		DB1648581C23E04E00F79411 /* lzo.h */ = {isa = PBXFileReference; fileEncoding = 4; lastKnownFileType = sourcecode.c.h; path = lzo.h; sourceTree = "<group>"; };
		DB1648591C23E04E00F79411 /* mathematics.h */ = {isa = PBXFileReference; fileEncoding = 4; lastKnownFileType = sourcecode.c.h; path = mathematics.h; sourceTree = "<group>"; };
		DB16485A1C23E04E00F79411 /* md5.h */ = {isa = PBXFileReference; fileEncoding = 4; lastKnownFileType = sourcecode.c.h; path = md5.h; sourceTree = "<group>"; };
		DB16485B1C23E04E00F79411 /* mem.h */ = {isa = PBXFileReference; fileEncoding = 4; lastKnownFileType = sourcecode.c.h; path = mem.h; sourceTree = "<group>"; };
		DB16485C1C23E04E00F79411 /* murmur3.h */ = {isa = PBXFileReference; fileEncoding = 4; lastKnownFileType = sourcecode.c.h; path = murmur3.h; sourceTree = "<group>"; };
		DB16485D1C23E04E00F79411 /* old_pix_fmts.h */ = {isa = PBXFileReference; fileEncoding = 4; lastKnownFileType = sourcecode.c.h; path = old_pix_fmts.h; sourceTree = "<group>"; };
		DB16485E1C23E04E00F79411 /* opt.h */ = {isa = PBXFileReference; fileEncoding = 4; lastKnownFileType = sourcecode.c.h; path = opt.h; sourceTree = "<group>"; };
		DB16485F1C23E04E00F79411 /* parseutils.h */ = {isa = PBXFileReference; fileEncoding = 4; lastKnownFileType = sourcecode.c.h; path = parseutils.h; sourceTree = "<group>"; };
		DB1648601C23E04E00F79411 /* pixdesc.h */ = {isa = PBXFileReference; fileEncoding = 4; lastKnownFileType = sourcecode.c.h; path = pixdesc.h; sourceTree = "<group>"; };
		DB1648611C23E04E00F79411 /* pixfmt.h */ = {isa = PBXFileReference; fileEncoding = 4; lastKnownFileType = sourcecode.c.h; path = pixfmt.h; sourceTree = "<group>"; };
		DB1648621C23E04E00F79411 /* random_seed.h */ = {isa = PBXFileReference; fileEncoding = 4; lastKnownFileType = sourcecode.c.h; path = random_seed.h; sourceTree = "<group>"; };
		DB1648631C23E04E00F79411 /* rational.h */ = {isa = PBXFileReference; fileEncoding = 4; lastKnownFileType = sourcecode.c.h; path = rational.h; sourceTree = "<group>"; };
		DB1648641C23E04E00F79411 /* ripemd.h */ = {isa = PBXFileReference; fileEncoding = 4; lastKnownFileType = sourcecode.c.h; path = ripemd.h; sourceTree = "<group>"; };
		DB1648651C23E04E00F79411 /* samplefmt.h */ = {isa = PBXFileReference; fileEncoding = 4; lastKnownFileType = sourcecode.c.h; path = samplefmt.h; sourceTree = "<group>"; };
		DB1648661C23E04E00F79411 /* sha.h */ = {isa = PBXFileReference; fileEncoding = 4; lastKnownFileType = sourcecode.c.h; path = sha.h; sourceTree = "<group>"; };
		DB1648671C23E04E00F79411 /* sha512.h */ = {isa = PBXFileReference; fileEncoding = 4; lastKnownFileType = sourcecode.c.h; path = sha512.h; sourceTree = "<group>"; };
		DB1648681C23E04E00F79411 /* time.h */ = {isa = PBXFileReference; fileEncoding = 4; lastKnownFileType = sourcecode.c.h; path = time.h; sourceTree = "<group>"; };
		DB1648691C23E04E00F79411 /* timecode.h */ = {isa = PBXFileReference; fileEncoding = 4; lastKnownFileType = sourcecode.c.h; path = timecode.h; sourceTree = "<group>"; };
		DB16486A1C23E04E00F79411 /* timestamp.h */ = {isa = PBXFileReference; fileEncoding = 4; lastKnownFileType = sourcecode.c.h; path = timestamp.h; sourceTree = "<group>"; };
		DB16486B1C23E04E00F79411 /* version.h */ = {isa = PBXFileReference; fileEncoding = 4; lastKnownFileType = sourcecode.c.h; path = version.h; sourceTree = "<group>"; };
		DB16486C1C23E04E00F79411 /* xtea.h */ = {isa = PBXFileReference; fileEncoding = 4; lastKnownFileType = sourcecode.c.h; path = xtea.h; sourceTree = "<group>"; };
		DB16486E1C23E04E00F79411 /* postprocess.h */ = {isa = PBXFileReference; fileEncoding = 4; lastKnownFileType = sourcecode.c.h; path = postprocess.h; sourceTree = "<group>"; };
		DB16486F1C23E04E00F79411 /* version.h */ = {isa = PBXFileReference; fileEncoding = 4; lastKnownFileType = sourcecode.c.h; path = version.h; sourceTree = "<group>"; };
		DB1648711C23E04E00F79411 /* swresample.h */ = {isa = PBXFileReference; fileEncoding = 4; lastKnownFileType = sourcecode.c.h; path = swresample.h; sourceTree = "<group>"; };
		DB1648721C23E04E00F79411 /* version.h */ = {isa = PBXFileReference; fileEncoding = 4; lastKnownFileType = sourcecode.c.h; path = version.h; sourceTree = "<group>"; };
		DB1648741C23E04E00F79411 /* swscale.h */ = {isa = PBXFileReference; fileEncoding = 4; lastKnownFileType = sourcecode.c.h; path = swscale.h; sourceTree = "<group>"; };
		DB1648751C23E04E00F79411 /* version.h */ = {isa = PBXFileReference; fileEncoding = 4; lastKnownFileType = sourcecode.c.h; path = version.h; sourceTree = "<group>"; };
		DB1648771C23E04E00F79411 /* x264.h */ = {isa = PBXFileReference; fileEncoding = 4; lastKnownFileType = sourcecode.c.h; path = x264.h; sourceTree = "<group>"; };
		DB1648781C23E04E00F79411 /* x264_config.h */ = {isa = PBXFileReference; fileEncoding = 4; lastKnownFileType = sourcecode.c.h; path = x264_config.h; sourceTree = "<group>"; };
		DB1648791C24081600F79411 /* RootNavigationController.h */ = {isa = PBXFileReference; fileEncoding = 4; lastKnownFileType = sourcecode.c.h; path = RootNavigationController.h; sourceTree = "<group>"; };
		DB16487A1C24081600F79411 /* RootNavigationController.m */ = {isa = PBXFileReference; fileEncoding = 4; lastKnownFileType = sourcecode.c.objc; path = RootNavigationController.m; sourceTree = "<group>"; };
		DB2A00141C213D58006D9684 /* SampleBufferDisplay.app */ = {isa = PBXFileReference; explicitFileType = wrapper.application; includeInIndex = 0; path = SampleBufferDisplay.app; sourceTree = BUILT_PRODUCTS_DIR; };
		DB2A00181C213D58006D9684 /* main.m */ = {isa = PBXFileReference; lastKnownFileType = sourcecode.c.objc; path = main.m; sourceTree = "<group>"; };
		DB2A001A1C213D58006D9684 /* AppDelegate.h */ = {isa = PBXFileReference; lastKnownFileType = sourcecode.c.h; path = AppDelegate.h; sourceTree = "<group>"; };
		DB2A001B1C213D58006D9684 /* AppDelegate.m */ = {isa = PBXFileReference; lastKnownFileType = sourcecode.c.objc; path = AppDelegate.m; sourceTree = "<group>"; };
		DB2A001D1C213D58006D9684 /* ViewController.h */ = {isa = PBXFileReference; lastKnownFileType = sourcecode.c.h; path = ViewController.h; sourceTree = "<group>"; };
		DB2A001E1C213D58006D9684 /* ViewController.m */ = {isa = PBXFileReference; lastKnownFileType = sourcecode.c.objc; path = ViewController.m; sourceTree = "<group>"; };
		DB2A00211C213D58006D9684 /* Base */ = {isa = PBXFileReference; lastKnownFileType = file.storyboard; name = Base; path = Base.lproj/Main.storyboard; sourceTree = "<group>"; };
		DB2A00231C213D59006D9684 /* Assets.xcassets */ = {isa = PBXFileReference; lastKnownFileType = folder.assetcatalog; path = Assets.xcassets; sourceTree = "<group>"; };
		DB2A00261C213D59006D9684 /* Base */ = {isa = PBXFileReference; lastKnownFileType = file.storyboard; name = Base; path = Base.lproj/LaunchScreen.storyboard; sourceTree = "<group>"; };
		DB2A00281C213D59006D9684 /* Info.plist */ = {isa = PBXFileReference; lastKnownFileType = text.plist.xml; path = Info.plist; sourceTree = "<group>"; };
		DB2A002D1C213D59006D9684 /* SampleBufferDisplayTests.xctest */ = {isa = PBXFileReference; explicitFileType = wrapper.cfbundle; includeInIndex = 0; path = SampleBufferDisplayTests.xctest; sourceTree = BUILT_PRODUCTS_DIR; };
		DB2A00311C213D59006D9684 /* SampleBufferDisplayTests.m */ = {isa = PBXFileReference; lastKnownFileType = sourcecode.c.objc; path = SampleBufferDisplayTests.m; sourceTree = "<group>"; };
		DB2A00331C213D59006D9684 /* Info.plist */ = {isa = PBXFileReference; lastKnownFileType = text.plist.xml; path = Info.plist; sourceTree = "<group>"; };
		DB2A00381C213D59006D9684 /* SampleBufferDisplayUITests.xctest */ = {isa = PBXFileReference; explicitFileType = wrapper.cfbundle; includeInIndex = 0; path = SampleBufferDisplayUITests.xctest; sourceTree = BUILT_PRODUCTS_DIR; };
		DB2A003C1C213D59006D9684 /* SampleBufferDisplayUITests.m */ = {isa = PBXFileReference; lastKnownFileType = sourcecode.c.objc; path = SampleBufferDisplayUITests.m; sourceTree = "<group>"; };
		DB2A003E1C213D59006D9684 /* Info.plist */ = {isa = PBXFileReference; lastKnownFileType = text.plist.xml; path = Info.plist; sourceTree = "<group>"; };
		DB2A004B1C213FCA006D9684 /* VideoCapturer.h */ = {isa = PBXFileReference; fileEncoding = 4; lastKnownFileType = sourcecode.c.h; path = VideoCapturer.h; sourceTree = "<group>"; };
		DB2A004C1C213FCA006D9684 /* VideoCapturer.m */ = {isa = PBXFileReference; fileEncoding = 4; lastKnownFileType = sourcecode.c.objc; path = VideoCapturer.m; sourceTree = "<group>"; };
		DB2A004E1C2144F8006D9684 /* SampleBuffer.pch */ = {isa = PBXFileReference; lastKnownFileType = sourcecode.c.h; path = SampleBuffer.pch; sourceTree = "<group>"; };
		DB2A004F1C216E0E006D9684 /* H264Encoder.h */ = {isa = PBXFileReference; fileEncoding = 4; lastKnownFileType = sourcecode.c.h; path = H264Encoder.h; sourceTree = "<group>"; };
		DB2A00501C216E0E006D9684 /* H264Encoder.m */ = {isa = PBXFileReference; fileEncoding = 4; lastKnownFileType = sourcecode.c.objc; path = H264Encoder.m; sourceTree = "<group>"; };
		DB5BB6581C2282A900BBDC9E /* CPUReporter.h */ = {isa = PBXFileReference; fileEncoding = 4; lastKnownFileType = sourcecode.c.h; path = CPUReporter.h; sourceTree = "<group>"; };
		DB5BB6591C2282A900BBDC9E /* CPUReporter.m */ = {isa = PBXFileReference; fileEncoding = 4; lastKnownFileType = sourcecode.c.objc; path = CPUReporter.m; sourceTree = "<group>"; };
/* End PBXFileReference section */

/* Begin PBXFrameworksBuildPhase section */
		DB2A00111C213D58006D9684 /* Frameworks */ = {
			isa = PBXFrameworksBuildPhase;
			buildActionMask = 2147483647;
			files = (
			);
			runOnlyForDeploymentPostprocessing = 0;
		};
		DB2A002A1C213D59006D9684 /* Frameworks */ = {
			isa = PBXFrameworksBuildPhase;
			buildActionMask = 2147483647;
			files = (
			);
			runOnlyForDeploymentPostprocessing = 0;
		};
		DB2A00351C213D59006D9684 /* Frameworks */ = {
			isa = PBXFrameworksBuildPhase;
			buildActionMask = 2147483647;
			files = (
			);
			runOnlyForDeploymentPostprocessing = 0;
		};
/* End PBXFrameworksBuildPhase section */

/* Begin PBXGroup section */
		DB16481D1C23E04E00F79411 /* VideoCodec */ = {
			isa = PBXGroup;
			children = (
				DB16481E1C23E04E00F79411 /* ffmpeg */,
				DB1648761C23E04E00F79411 /* x264_h323 */,
			);
			path = VideoCodec;
			sourceTree = SOURCE_ROOT;
		};
		DB16481E1C23E04E00F79411 /* ffmpeg */ = {
			isa = PBXGroup;
			children = (
				DB16481F1C23E04E00F79411 /* libavcodec */,
				DB1648291C23E04E00F79411 /* libavdevice */,
				DB16482C1C23E04E00F79411 /* libavfilter */,
				DB1648341C23E04E00F79411 /* libavformat */,
				DB1648381C23E04E00F79411 /* libavutil */,
				DB16486D1C23E04E00F79411 /* libpostproc */,
				DB1648701C23E04E00F79411 /* libswresample */,
				DB1648731C23E04E00F79411 /* libswscale */,
			);
			path = ffmpeg;
			sourceTree = "<group>";
		};
		DB16481F1C23E04E00F79411 /* libavcodec */ = {
			isa = PBXGroup;
			children = (
				DB1648201C23E04E00F79411 /* avcodec.h */,
				DB1648211C23E04E00F79411 /* avfft.h */,
				DB1648221C23E04E00F79411 /* dxva2.h */,
				DB1648231C23E04E00F79411 /* old_codec_ids.h */,
				DB1648241C23E04E00F79411 /* vaapi.h */,
				DB1648251C23E04E00F79411 /* vda.h */,
				DB1648261C23E04E00F79411 /* vdpau.h */,
				DB1648271C23E04E00F79411 /* version.h */,
				DB1648281C23E04E00F79411 /* xvmc.h */,
			);
			path = libavcodec;
			sourceTree = "<group>";
		};
		DB1648291C23E04E00F79411 /* libavdevice */ = {
			isa = PBXGroup;
			children = (
				DB16482A1C23E04E00F79411 /* avdevice.h */,
				DB16482B1C23E04E00F79411 /* version.h */,
			);
			path = libavdevice;
			sourceTree = "<group>";
		};
		DB16482C1C23E04E00F79411 /* libavfilter */ = {
			isa = PBXGroup;
			children = (
				DB16482D1C23E04E00F79411 /* asrc_abuffer.h */,
				DB16482E1C23E04E00F79411 /* avcodec.h */,
				DB16482F1C23E04E00F79411 /* avfilter.h */,
				DB1648301C23E04E00F79411 /* avfiltergraph.h */,
				DB1648311C23E04E00F79411 /* buffersink.h */,
				DB1648321C23E04E00F79411 /* buffersrc.h */,
				DB1648331C23E04E00F79411 /* version.h */,
			);
			path = libavfilter;
			sourceTree = "<group>";
		};
		DB1648341C23E04E00F79411 /* libavformat */ = {
			isa = PBXGroup;
			children = (
				DB1648351C23E04E00F79411 /* avformat.h */,
				DB1648361C23E04E00F79411 /* avio.h */,
				DB1648371C23E04E00F79411 /* version.h */,
			);
			path = libavformat;
			sourceTree = "<group>";
		};
		DB1648381C23E04E00F79411 /* libavutil */ = {
			isa = PBXGroup;
			children = (
				DB1648391C23E04E00F79411 /* adler32.h */,
				DB16483A1C23E04E00F79411 /* aes.h */,
				DB16483B1C23E04E00F79411 /* attributes.h */,
				DB16483C1C23E04E00F79411 /* audio_fifo.h */,
				DB16483D1C23E04E00F79411 /* audioconvert.h */,
				DB16483E1C23E04E00F79411 /* avassert.h */,
				DB16483F1C23E04E00F79411 /* avconfig.h */,
				DB1648401C23E04E00F79411 /* avstring.h */,
				DB1648411C23E04E00F79411 /* avutil.h */,
				DB1648421C23E04E00F79411 /* base64.h */,
				DB1648431C23E04E00F79411 /* blowfish.h */,
				DB1648441C23E04E00F79411 /* bprint.h */,
				DB1648451C23E04E00F79411 /* bswap.h */,
				DB1648461C23E04E00F79411 /* buffer.h */,
				DB1648471C23E04E00F79411 /* channel_layout.h */,
				DB1648481C23E04E00F79411 /* common.h */,
				DB1648491C23E04E00F79411 /* cpu.h */,
				DB16484A1C23E04E00F79411 /* crc.h */,
				DB16484B1C23E04E00F79411 /* dict.h */,
				DB16484C1C23E04E00F79411 /* error.h */,
				DB16484D1C23E04E00F79411 /* eval.h */,
				DB16484E1C23E04E00F79411 /* fifo.h */,
				DB16484F1C23E04E00F79411 /* file.h */,
				DB1648501C23E04E00F79411 /* frame.h */,
				DB1648511C23E04E00F79411 /* hmac.h */,
				DB1648521C23E04E00F79411 /* imgutils.h */,
				DB1648531C23E04E00F79411 /* intfloat.h */,
				DB1648541C23E04E00F79411 /* intfloat_readwrite.h */,
				DB1648551C23E04E00F79411 /* intreadwrite.h */,
				DB1648561C23E04E00F79411 /* lfg.h */,
				DB1648571C23E04E00F79411 /* log.h */,
				DB1648581C23E04E00F79411 /* lzo.h */,
				DB1648591C23E04E00F79411 /* mathematics.h */,
				DB16485A1C23E04E00F79411 /* md5.h */,
				DB16485B1C23E04E00F79411 /* mem.h */,
				DB16485C1C23E04E00F79411 /* murmur3.h */,
				DB16485D1C23E04E00F79411 /* old_pix_fmts.h */,
				DB16485E1C23E04E00F79411 /* opt.h */,
				DB16485F1C23E04E00F79411 /* parseutils.h */,
				DB1648601C23E04E00F79411 /* pixdesc.h */,
				DB1648611C23E04E00F79411 /* pixfmt.h */,
				DB1648621C23E04E00F79411 /* random_seed.h */,
				DB1648631C23E04E00F79411 /* rational.h */,
				DB1648641C23E04E00F79411 /* ripemd.h */,
				DB1648651C23E04E00F79411 /* samplefmt.h */,
				DB1648661C23E04E00F79411 /* sha.h */,
				DB1648671C23E04E00F79411 /* sha512.h */,
				DB1648681C23E04E00F79411 /* time.h */,
				DB1648691C23E04E00F79411 /* timecode.h */,
				DB16486A1C23E04E00F79411 /* timestamp.h */,
				DB16486B1C23E04E00F79411 /* version.h */,
				DB16486C1C23E04E00F79411 /* xtea.h */,
			);
			path = libavutil;
			sourceTree = "<group>";
		};
		DB16486D1C23E04E00F79411 /* libpostproc */ = {
			isa = PBXGroup;
			children = (
				DB16486E1C23E04E00F79411 /* postprocess.h */,
				DB16486F1C23E04E00F79411 /* version.h */,
			);
			path = libpostproc;
			sourceTree = "<group>";
		};
		DB1648701C23E04E00F79411 /* libswresample */ = {
			isa = PBXGroup;
			children = (
				DB1648711C23E04E00F79411 /* swresample.h */,
				DB1648721C23E04E00F79411 /* version.h */,
			);
			path = libswresample;
			sourceTree = "<group>";
		};
		DB1648731C23E04E00F79411 /* libswscale */ = {
			isa = PBXGroup;
			children = (
				DB1648741C23E04E00F79411 /* swscale.h */,
				DB1648751C23E04E00F79411 /* version.h */,
			);
			path = libswscale;
			sourceTree = "<group>";
		};
		DB1648761C23E04E00F79411 /* x264_h323 */ = {
			isa = PBXGroup;
			children = (
				DB1648771C23E04E00F79411 /* x264.h */,
				DB1648781C23E04E00F79411 /* x264_config.h */,
			);
			path = x264_h323;
			sourceTree = "<group>";
		};
		DB2A000B1C213D58006D9684 = {
			isa = PBXGroup;
			children = (
				DB2A00161C213D58006D9684 /* SampleBufferDisplay */,
				DB2A00301C213D59006D9684 /* SampleBufferDisplayTests */,
				DB2A003B1C213D59006D9684 /* SampleBufferDisplayUITests */,
				DB2A00151C213D58006D9684 /* Products */,
			);
			sourceTree = "<group>";
		};
		DB2A00151C213D58006D9684 /* Products */ = {
			isa = PBXGroup;
			children = (
				DB2A00141C213D58006D9684 /* SampleBufferDisplay.app */,
				DB2A002D1C213D59006D9684 /* SampleBufferDisplayTests.xctest */,
				DB2A00381C213D59006D9684 /* SampleBufferDisplayUITests.xctest */,
			);
			name = Products;
			sourceTree = "<group>";
		};
		DB2A00161C213D58006D9684 /* SampleBufferDisplay */ = {
			isa = PBXGroup;
			children = (
				DB16481D1C23E04E00F79411 /* VideoCodec */,
				DB2A004A1C213FA4006D9684 /* Helper */,
				DB2A001D1C213D58006D9684 /* ViewController.h */,
				DB2A001E1C213D58006D9684 /* ViewController.m */,
				DB1648791C24081600F79411 /* RootNavigationController.h */,
				DB16487A1C24081600F79411 /* RootNavigationController.m */,
				DB2A00201C213D58006D9684 /* Main.storyboard */,
				DB2A00231C213D59006D9684 /* Assets.xcassets */,
				DB2A00281C213D59006D9684 /* Info.plist */,
				DB2A00171C213D58006D9684 /* Supporting Files */,
			);
			path = SampleBufferDisplay;
			sourceTree = "<group>";
		};
		DB2A00171C213D58006D9684 /* Supporting Files */ = {
			isa = PBXGroup;
			children = (
				DB2A001A1C213D58006D9684 /* AppDelegate.h */,
				DB2A001B1C213D58006D9684 /* AppDelegate.m */,
				DB2A00181C213D58006D9684 /* main.m */,
				DB2A00251C213D59006D9684 /* LaunchScreen.storyboard */,
				DB2A004E1C2144F8006D9684 /* SampleBuffer.pch */,
			);
			name = "Supporting Files";
			sourceTree = "<group>";
		};
		DB2A00301C213D59006D9684 /* SampleBufferDisplayTests */ = {
			isa = PBXGroup;
			children = (
				DB2A00311C213D59006D9684 /* SampleBufferDisplayTests.m */,
				DB2A00331C213D59006D9684 /* Info.plist */,
			);
			path = SampleBufferDisplayTests;
			sourceTree = "<group>";
		};
		DB2A003B1C213D59006D9684 /* SampleBufferDisplayUITests */ = {
			isa = PBXGroup;
			children = (
				DB2A003C1C213D59006D9684 /* SampleBufferDisplayUITests.m */,
				DB2A003E1C213D59006D9684 /* Info.plist */,
			);
			path = SampleBufferDisplayUITests;
			sourceTree = "<group>";
		};
		DB2A004A1C213FA4006D9684 /* Helper */ = {
			isa = PBXGroup;
			children = (
				DB2A004B1C213FCA006D9684 /* VideoCapturer.h */,
				DB2A004C1C213FCA006D9684 /* VideoCapturer.m */,
				DB2A004F1C216E0E006D9684 /* H264Encoder.h */,
				DB2A00501C216E0E006D9684 /* H264Encoder.m */,
				DB5BB6581C2282A900BBDC9E /* CPUReporter.h */,
				DB5BB6591C2282A900BBDC9E /* CPUReporter.m */,
			);
			path = Helper;
			sourceTree = SOURCE_ROOT;
		};
/* End PBXGroup section */

/* Begin PBXNativeTarget section */
		DB2A00131C213D58006D9684 /* SampleBufferDisplay */ = {
			isa = PBXNativeTarget;
			buildConfigurationList = DB2A00411C213D59006D9684 /* Build configuration list for PBXNativeTarget "SampleBufferDisplay" */;
			buildPhases = (
				DB2A00101C213D58006D9684 /* Sources */,
				DB2A00111C213D58006D9684 /* Frameworks */,
				DB2A00121C213D58006D9684 /* Resources */,
			);
			buildRules = (
			);
			dependencies = (
			);
			name = SampleBufferDisplay;
			productName = SampleBufferDisplay;
			productReference = DB2A00141C213D58006D9684 /* SampleBufferDisplay.app */;
			productType = "com.apple.product-type.application";
		};
		DB2A002C1C213D59006D9684 /* SampleBufferDisplayTests */ = {
			isa = PBXNativeTarget;
			buildConfigurationList = DB2A00441C213D59006D9684 /* Build configuration list for PBXNativeTarget "SampleBufferDisplayTests" */;
			buildPhases = (
				DB2A00291C213D59006D9684 /* Sources */,
				DB2A002A1C213D59006D9684 /* Frameworks */,
				DB2A002B1C213D59006D9684 /* Resources */,
			);
			buildRules = (
			);
			dependencies = (
				DB2A002F1C213D59006D9684 /* PBXTargetDependency */,
			);
			name = SampleBufferDisplayTests;
			productName = SampleBufferDisplayTests;
			productReference = DB2A002D1C213D59006D9684 /* SampleBufferDisplayTests.xctest */;
			productType = "com.apple.product-type.bundle.unit-test";
		};
		DB2A00371C213D59006D9684 /* SampleBufferDisplayUITests */ = {
			isa = PBXNativeTarget;
			buildConfigurationList = DB2A00471C213D59006D9684 /* Build configuration list for PBXNativeTarget "SampleBufferDisplayUITests" */;
			buildPhases = (
				DB2A00341C213D59006D9684 /* Sources */,
				DB2A00351C213D59006D9684 /* Frameworks */,
				DB2A00361C213D59006D9684 /* Resources */,
			);
			buildRules = (
			);
			dependencies = (
				DB2A003A1C213D59006D9684 /* PBXTargetDependency */,
			);
			name = SampleBufferDisplayUITests;
			productName = SampleBufferDisplayUITests;
			productReference = DB2A00381C213D59006D9684 /* SampleBufferDisplayUITests.xctest */;
			productType = "com.apple.product-type.bundle.ui-testing";
		};
/* End PBXNativeTarget section */

/* Begin PBXProject section */
		DB2A000C1C213D58006D9684 /* Project object */ = {
			isa = PBXProject;
			attributes = {
				LastUpgradeCheck = 0720;
				ORGANIZATIONNAME = com.v2tech;
				TargetAttributes = {
					DB2A00131C213D58006D9684 = {
						CreatedOnToolsVersion = 7.2;
					};
					DB2A002C1C213D59006D9684 = {
						CreatedOnToolsVersion = 7.2;
						TestTargetID = DB2A00131C213D58006D9684;
					};
					DB2A00371C213D59006D9684 = {
						CreatedOnToolsVersion = 7.2;
						TestTargetID = DB2A00131C213D58006D9684;
					};
				};
			};
			buildConfigurationList = DB2A000F1C213D58006D9684 /* Build configuration list for PBXProject "SampleBufferDisplay" */;
			compatibilityVersion = "Xcode 3.2";
			developmentRegion = English;
			hasScannedForEncodings = 0;
			knownRegions = (
				en,
				Base,
			);
			mainGroup = DB2A000B1C213D58006D9684;
			productRefGroup = DB2A00151C213D58006D9684 /* Products */;
			projectDirPath = "";
			projectRoot = "";
			targets = (
				DB2A00131C213D58006D9684 /* SampleBufferDisplay */,
				DB2A002C1C213D59006D9684 /* SampleBufferDisplayTests */,
				DB2A00371C213D59006D9684 /* SampleBufferDisplayUITests */,
			);
		};
/* End PBXProject section */

/* Begin PBXResourcesBuildPhase section */
		DB2A00121C213D58006D9684 /* Resources */ = {
			isa = PBXResourcesBuildPhase;
			buildActionMask = 2147483647;
			files = (
				DB2A00271C213D59006D9684 /* LaunchScreen.storyboard in Resources */,
				DB2A00241C213D59006D9684 /* Assets.xcassets in Resources */,
				DB2A00221C213D58006D9684 /* Main.storyboard in Resources */,
			);
			runOnlyForDeploymentPostprocessing = 0;
		};
		DB2A002B1C213D59006D9684 /* Resources */ = {
			isa = PBXResourcesBuildPhase;
			buildActionMask = 2147483647;
			files = (
			);
			runOnlyForDeploymentPostprocessing = 0;
		};
		DB2A00361C213D59006D9684 /* Resources */ = {
			isa = PBXResourcesBuildPhase;
			buildActionMask = 2147483647;
			files = (
			);
			runOnlyForDeploymentPostprocessing = 0;
		};
/* End PBXResourcesBuildPhase section */

/* Begin PBXSourcesBuildPhase section */
		DB2A00101C213D58006D9684 /* Sources */ = {
			isa = PBXSourcesBuildPhase;
			buildActionMask = 2147483647;
			files = (
				DB2A001F1C213D58006D9684 /* ViewController.m in Sources */,
				DB2A001C1C213D58006D9684 /* AppDelegate.m in Sources */,
				DB16487B1C24081600F79411 /* RootNavigationController.m in Sources */,
				DB2A00191C213D58006D9684 /* main.m in Sources */,
				DB5BB65A1C2282A900BBDC9E /* CPUReporter.m in Sources */,
				DB2A004D1C213FCA006D9684 /* VideoCapturer.m in Sources */,
				DB2A00511C216E0E006D9684 /* H264Encoder.m in Sources */,
			);
			runOnlyForDeploymentPostprocessing = 0;
		};
		DB2A00291C213D59006D9684 /* Sources */ = {
			isa = PBXSourcesBuildPhase;
			buildActionMask = 2147483647;
			files = (
				DB2A00321C213D59006D9684 /* SampleBufferDisplayTests.m in Sources */,
			);
			runOnlyForDeploymentPostprocessing = 0;
		};
		DB2A00341C213D59006D9684 /* Sources */ = {
			isa = PBXSourcesBuildPhase;
			buildActionMask = 2147483647;
			files = (
				DB2A003D1C213D59006D9684 /* SampleBufferDisplayUITests.m in Sources */,
			);
			runOnlyForDeploymentPostprocessing = 0;
		};
/* End PBXSourcesBuildPhase section */

/* Begin PBXTargetDependency section */
		DB2A002F1C213D59006D9684 /* PBXTargetDependency */ = {
			isa = PBXTargetDependency;
			target = DB2A00131C213D58006D9684 /* SampleBufferDisplay */;
			targetProxy = DB2A002E1C213D59006D9684 /* PBXContainerItemProxy */;
		};
		DB2A003A1C213D59006D9684 /* PBXTargetDependency */ = {
			isa = PBXTargetDependency;
			target = DB2A00131C213D58006D9684 /* SampleBufferDisplay */;
			targetProxy = DB2A00391C213D59006D9684 /* PBXContainerItemProxy */;
		};
/* End PBXTargetDependency section */

/* Begin PBXVariantGroup section */
		DB2A00201C213D58006D9684 /* Main.storyboard */ = {
			isa = PBXVariantGroup;
			children = (
				DB2A00211C213D58006D9684 /* Base */,
			);
			name = Main.storyboard;
			sourceTree = "<group>";
		};
		DB2A00251C213D59006D9684 /* LaunchScreen.storyboard */ = {
			isa = PBXVariantGroup;
			children = (
				DB2A00261C213D59006D9684 /* Base */,
			);
			name = LaunchScreen.storyboard;
			sourceTree = "<group>";
		};
/* End PBXVariantGroup section */

/* Begin XCBuildConfiguration section */
		DB2A003F1C213D59006D9684 /* Debug */ = {
			isa = XCBuildConfiguration;
			buildSettings = {
				ALWAYS_SEARCH_USER_PATHS = NO;
				CLANG_CXX_LANGUAGE_STANDARD = "gnu++0x";
				CLANG_CXX_LIBRARY = "libc++";
				CLANG_ENABLE_MODULES = YES;
				CLANG_ENABLE_OBJC_ARC = YES;
				CLANG_WARN_BOOL_CONVERSION = YES;
				CLANG_WARN_CONSTANT_CONVERSION = YES;
				CLANG_WARN_DIRECT_OBJC_ISA_USAGE = YES_ERROR;
				CLANG_WARN_EMPTY_BODY = YES;
				CLANG_WARN_ENUM_CONVERSION = YES;
				CLANG_WARN_INT_CONVERSION = YES;
				CLANG_WARN_OBJC_ROOT_CLASS = YES_ERROR;
				CLANG_WARN_UNREACHABLE_CODE = YES;
				CLANG_WARN__DUPLICATE_METHOD_MATCH = YES;
				"CODE_SIGN_IDENTITY[sdk=iphoneos*]" = "iPhone Developer";
				COPY_PHASE_STRIP = NO;
				DEBUG_INFORMATION_FORMAT = dwarf;
				ENABLE_STRICT_OBJC_MSGSEND = YES;
				ENABLE_TESTABILITY = YES;
				GCC_C_LANGUAGE_STANDARD = gnu99;
				GCC_DYNAMIC_NO_PIC = NO;
				GCC_NO_COMMON_BLOCKS = YES;
				GCC_OPTIMIZATION_LEVEL = 0;
				GCC_PREPROCESSOR_DEFINITIONS = (
					"DEBUG=1",
					"$(inherited)",
				);
				GCC_WARN_64_TO_32_BIT_CONVERSION = YES;
				GCC_WARN_ABOUT_RETURN_TYPE = YES_ERROR;
				GCC_WARN_UNDECLARED_SELECTOR = YES;
				GCC_WARN_UNINITIALIZED_AUTOS = YES_AGGRESSIVE;
				GCC_WARN_UNUSED_FUNCTION = YES;
				GCC_WARN_UNUSED_VARIABLE = YES;
				IPHONEOS_DEPLOYMENT_TARGET = 9.2;
				MTL_ENABLE_DEBUG_INFO = YES;
				ONLY_ACTIVE_ARCH = YES;
				SDKROOT = iphoneos;
				TARGETED_DEVICE_FAMILY = "1,2";
			};
			name = Debug;
		};
		DB2A00401C213D59006D9684 /* Release */ = {
			isa = XCBuildConfiguration;
			buildSettings = {
				ALWAYS_SEARCH_USER_PATHS = NO;
				CLANG_CXX_LANGUAGE_STANDARD = "gnu++0x";
				CLANG_CXX_LIBRARY = "libc++";
				CLANG_ENABLE_MODULES = YES;
				CLANG_ENABLE_OBJC_ARC = YES;
				CLANG_WARN_BOOL_CONVERSION = YES;
				CLANG_WARN_CONSTANT_CONVERSION = YES;
				CLANG_WARN_DIRECT_OBJC_ISA_USAGE = YES_ERROR;
				CLANG_WARN_EMPTY_BODY = YES;
				CLANG_WARN_ENUM_CONVERSION = YES;
				CLANG_WARN_INT_CONVERSION = YES;
				CLANG_WARN_OBJC_ROOT_CLASS = YES_ERROR;
				CLANG_WARN_UNREACHABLE_CODE = YES;
				CLANG_WARN__DUPLICATE_METHOD_MATCH = YES;
				"CODE_SIGN_IDENTITY[sdk=iphoneos*]" = "iPhone Developer";
				COPY_PHASE_STRIP = NO;
				DEBUG_INFORMATION_FORMAT = "dwarf-with-dsym";
				ENABLE_NS_ASSERTIONS = NO;
				ENABLE_STRICT_OBJC_MSGSEND = YES;
				GCC_C_LANGUAGE_STANDARD = gnu99;
				GCC_NO_COMMON_BLOCKS = YES;
				GCC_WARN_64_TO_32_BIT_CONVERSION = YES;
				GCC_WARN_ABOUT_RETURN_TYPE = YES_ERROR;
				GCC_WARN_UNDECLARED_SELECTOR = YES;
				GCC_WARN_UNINITIALIZED_AUTOS = YES_AGGRESSIVE;
				GCC_WARN_UNUSED_FUNCTION = YES;
				GCC_WARN_UNUSED_VARIABLE = YES;
				IPHONEOS_DEPLOYMENT_TARGET = 9.2;
				MTL_ENABLE_DEBUG_INFO = NO;
				SDKROOT = iphoneos;
				TARGETED_DEVICE_FAMILY = "1,2";
				VALIDATE_PRODUCT = YES;
			};
			name = Release;
		};
		DB2A00421C213D59006D9684 /* Debug */ = {
			isa = XCBuildConfiguration;
			buildSettings = {
				ASSETCATALOG_COMPILER_APPICON_NAME = AppIcon;
				GCC_PREFIX_HEADER = SampleBufferDisplay/SampleBuffer.pch;
				INFOPLIST_FILE = SampleBufferDisplay/Info.plist;
				IPHONEOS_DEPLOYMENT_TARGET = 8.0;
				LD_RUNPATH_SEARCH_PATHS = "$(inherited) @executable_path/Frameworks";
				PRODUCT_BUNDLE_IDENTIFIER = com.yy.H264;
				PRODUCT_NAME = "$(TARGET_NAME)";
			};
			name = Debug;
		};
		DB2A00431C213D59006D9684 /* Release */ = {
			isa = XCBuildConfiguration;
			buildSettings = {
				ASSETCATALOG_COMPILER_APPICON_NAME = AppIcon;
				GCC_PREFIX_HEADER = SampleBufferDisplay/SampleBuffer.pch;
				INFOPLIST_FILE = SampleBufferDisplay/Info.plist;
				IPHONEOS_DEPLOYMENT_TARGET = 8.0;
				LD_RUNPATH_SEARCH_PATHS = "$(inherited) @executable_path/Frameworks";
				PRODUCT_BUNDLE_IDENTIFIER = com.yy.H264;
				PRODUCT_NAME = "$(TARGET_NAME)";
			};
			name = Release;
		};
		DB2A00451C213D59006D9684 /* Debug */ = {
			isa = XCBuildConfiguration;
			buildSettings = {
				BUNDLE_LOADER = "$(TEST_HOST)";
				INFOPLIST_FILE = SampleBufferDisplayTests/Info.plist;
				LD_RUNPATH_SEARCH_PATHS = "$(inherited) @executable_path/Frameworks @loader_path/Frameworks";
				PRODUCT_BUNDLE_IDENTIFIER = com.v2tech.SampleBufferDisplayTests;
				PRODUCT_NAME = "$(TARGET_NAME)";
				TEST_HOST = "$(BUILT_PRODUCTS_DIR)/SampleBufferDisplay.app/SampleBufferDisplay";
			};
			name = Debug;
		};
		DB2A00461C213D59006D9684 /* Release */ = {
			isa = XCBuildConfiguration;
			buildSettings = {
				BUNDLE_LOADER = "$(TEST_HOST)";
				INFOPLIST_FILE = SampleBufferDisplayTests/Info.plist;
				LD_RUNPATH_SEARCH_PATHS = "$(inherited) @executable_path/Frameworks @loader_path/Frameworks";
				PRODUCT_BUNDLE_IDENTIFIER = com.v2tech.SampleBufferDisplayTests;
				PRODUCT_NAME = "$(TARGET_NAME)";
				TEST_HOST = "$(BUILT_PRODUCTS_DIR)/SampleBufferDisplay.app/SampleBufferDisplay";
			};
			name = Release;
		};
		DB2A00481C213D59006D9684 /* Debug */ = {
			isa = XCBuildConfiguration;
			buildSettings = {
				INFOPLIST_FILE = SampleBufferDisplayUITests/Info.plist;
				LD_RUNPATH_SEARCH_PATHS = "$(inherited) @executable_path/Frameworks @loader_path/Frameworks";
				PRODUCT_BUNDLE_IDENTIFIER = com.v2tech.SampleBufferDisplayUITests;
				PRODUCT_NAME = "$(TARGET_NAME)";
				TEST_TARGET_NAME = SampleBufferDisplay;
				USES_XCTRUNNER = YES;
			};
			name = Debug;
		};
		DB2A00491C213D59006D9684 /* Release */ = {
			isa = XCBuildConfiguration;
			buildSettings = {
				INFOPLIST_FILE = SampleBufferDisplayUITests/Info.plist;
				LD_RUNPATH_SEARCH_PATHS = "$(inherited) @executable_path/Frameworks @loader_path/Frameworks";
				PRODUCT_BUNDLE_IDENTIFIER = com.v2tech.SampleBufferDisplayUITests;
				PRODUCT_NAME = "$(TARGET_NAME)";
				TEST_TARGET_NAME = SampleBufferDisplay;
				USES_XCTRUNNER = YES;
			};
			name = Release;
		};
/* End XCBuildConfiguration section */

/* Begin XCConfigurationList section */
		DB2A000F1C213D58006D9684 /* Build configuration list for PBXProject "SampleBufferDisplay" */ = {
			isa = XCConfigurationList;
			buildConfigurations = (
				DB2A003F1C213D59006D9684 /* Debug */,
				DB2A00401C213D59006D9684 /* Release */,
			);
			defaultConfigurationIsVisible = 0;
			defaultConfigurationName = Release;
		};
		DB2A00411C213D59006D9684 /* Build configuration list for PBXNativeTarget "SampleBufferDisplay" */ = {
			isa = XCConfigurationList;
			buildConfigurations = (
				DB2A00421C213D59006D9684 /* Debug */,
				DB2A00431C213D59006D9684 /* Release */,
			);
			defaultConfigurationIsVisible = 0;
			defaultConfigurationName = Release;
		};
		DB2A00441C213D59006D9684 /* Build configuration list for PBXNativeTarget "SampleBufferDisplayTests" */ = {
			isa = XCConfigurationList;
			buildConfigurations = (
				DB2A00451C213D59006D9684 /* Debug */,
				DB2A00461C213D59006D9684 /* Release */,
			);
			defaultConfigurationIsVisible = 0;
			defaultConfigurationName = Release;
		};
		DB2A00471C213D59006D9684 /* Build configuration list for PBXNativeTarget "SampleBufferDisplayUITests" */ = {
			isa = XCConfigurationList;
			buildConfigurations = (
				DB2A00481C213D59006D9684 /* Debug */,
				DB2A00491C213D59006D9684 /* Release */,
			);
			defaultConfigurationIsVisible = 0;
			defaultConfigurationName = Release;
		};
/* End XCConfigurationList section */
	};
	rootObject = DB2A000C1C213D58006D9684 /* Project object */;
}
